PODS:
  - AKSideMenu (1.4.6)

DEPENDENCIES:
  - AKSideMenu (from `../../AKSideMenu.podspec`)

EXTERNAL SOURCES:
  AKSideMenu:
    :path: "../../AKSideMenu.podspec"

SPEC CHECKSUMS:
  AKSideMenu: 95117fbb05b5df152a378c861aba166ee46784f2

PODFILE CHECKSUM: 913f43736314deca220bdaad8f424b5f8721503a

COCOAPODS: 1.15.2
