PODS:
  - AKSideMenu (1.4.6)

DEPENDENCIES:
  - AKSideMenu (from `../../AKSideMenu.podspec`)

EXTERNAL SOURCES:
  AKSideMenu:
    :path: "../../AKSideMenu.podspec"

SPEC CHECKSUMS:
  AKSideMenu: 1f2b261a82b89f980624dda4b3385544fbf178e0

PODFILE CHECKSUM: 1ff561784c82c35050bf57c910c60669a9e01260

COCOAPODS: 1.10.2
