PODS:
  - AKSideMenu (1.4.5)

DEPENDENCIES:
  - AKSideMenu (from `../../AKSideMenu.podspec`)

EXTERNAL SOURCES:
  AKSideMenu:
    :path: "../../AKSideMenu.podspec"

SPEC CHECKSUMS:
  AKSideMenu: b89ca4c4fdf4c919821c88388193e94c52407741

PODFILE CHECKSUM: 1ff561784c82c35050bf57c910c60669a9e01260

COCOAPODS: 1.10.0
