PODS:
  - AKSideMenu (1.1.1)

DEPENDENCIES:
  - AKSideMenu (from `../../AKSideMenu.podspec`)

EXTERNAL SOURCES:
  AKSideMenu:
    :path: ../../AKSideMenu.podspec

SPEC CHECKSUMS:
  AKSideMenu: ebea9e3e2ca08e4b346cb75fbe72e13353f1130d

PODFILE CHECKSUM: a1c2c7880ba2a312b10f3b4a36ecb2593d143a93

COCOAPODS: 1.0.1
