PODS:
  - AKSideMenu (1.4.4)

DEPENDENCIES:
  - AKSideMenu (from `../../AKSideMenu.podspec`)

EXTERNAL SOURCES:
  AKSideMenu:
    :path: "../../AKSideMenu.podspec"

SPEC CHECKSUMS:
  AKSideMenu: b0cbee92dea51c398afa1bc3b1b6e4ee0597bb52

PODFILE CHECKSUM: af4946ce01546d15d8862d20b5be5cb193877ed5

COCOAPODS: 1.8.4
